// !$*UTF8*$!
{
	archiveVersion = 1;
	classes = {
	};
	objectVersion = 46;
	objects = {

/* Begin PBXBuildFile section */
		140A75051CDE81FC00532FA5 /* EndExperimentController.swift in Sources */ = {isa = PBXBuildFile; fileRef = 140A75041CDE81FC00532FA5 /* EndExperimentController.swift */; };
		140A991C1CCEB6200036E5EC /* 2_600_8_4_400_6.mov in Resources */ = {isa = PBXBuildFile; fileRef = 140A99121CCEB6200036E5EC /* 2_600_8_4_400_6.mov */; };
		140A991D1CCEB6200036E5EC /* 2_800_6_3_400_8.mov in Resources */ = {isa = PBXBuildFile; fileRef = 140A99131CCEB6200036E5EC /* 2_800_6_3_400_8.mov */; };
		140A991E1CCEB6200036E5EC /* 2_800_6_4_600_4.mov in Resources */ = {isa = PBXBuildFile; fileRef = 140A99141CCEB6200036E5EC /* 2_800_6_4_600_4.mov */; };
		140A991F1CCEB6200036E5EC /* 3_400_8_2_800_6.mov in Resources */ = {isa = PBXBuildFile; fileRef = 140A99151CCEB6200036E5EC /* 3_400_8_2_800_6.mov */; };
		140A99201CCEB6200036E5EC /* 3_800_4_4_400_6.mov in Resources */ = {isa = PBXBuildFile; fileRef = 140A99161CCEB6200036E5EC /* 3_800_4_4_400_6.mov */; };
		140A99211CCEB6200036E5EC /* 4_400_6_2_600_8.mov in Resources */ = {isa = PBXBuildFile; fileRef = 140A99171CCEB6200036E5EC /* 4_400_6_2_600_8.mov */; };
		140A99221CCEB6200036E5EC /* 4_400_6_3_800_4.mov in Resources */ = {isa = PBXBuildFile; fileRef = 140A99181CCEB6200036E5EC /* 4_400_6_3_800_4.mov */; };
		140A99231CCEB6200036E5EC /* 4_600_4_2_800_6.mov in Resources */ = {isa = PBXBuildFile; fileRef = 140A99191CCEB6200036E5EC /* 4_600_4_2_800_6.mov */; };
		140A99241CCEB6200036E5EC /* Practice_A.mov in Resources */ = {isa = PBXBuildFile; fileRef = 140A991A1CCEB6200036E5EC /* Practice_A.mov */; };
		140A99251CCEB6200036E5EC /* practice_B.mov in Resources */ = {isa = PBXBuildFile; fileRef = 140A991B1CCEB6200036E5EC /* practice_B.mov */; };
		140A992D1CCEB92B0036E5EC /* monkey orange.png in Resources */ = {isa = PBXBuildFile; fileRef = 140A992B1CCEB92B0036E5EC /* monkey orange.png */; };
		140A992E1CCEB92B0036E5EC /* monkey purple.png in Resources */ = {isa = PBXBuildFile; fileRef = 140A992C1CCEB92B0036E5EC /* monkey purple.png */; };
		14219F0A1D1C722800C6067F /* Realm.framework in Frameworks */ = {isa = PBXBuildFile; fileRef = 14219F081D1C722800C6067F /* Realm.framework */; };
		14219F0B1D1C722800C6067F /* Realm.framework in Embed Frameworks */ = {isa = PBXBuildFile; fileRef = 14219F081D1C722800C6067F /* Realm.framework */; settings = {ATTRIBUTES = (CodeSignOnCopy, RemoveHeadersOnCopy, ); }; };
		14219F0C1D1C722800C6067F /* RealmSwift.framework in Frameworks */ = {isa = PBXBuildFile; fileRef = 14219F091D1C722800C6067F /* RealmSwift.framework */; };
		14219F0D1D1C722800C6067F /* RealmSwift.framework in Embed Frameworks */ = {isa = PBXBuildFile; fileRef = 14219F091D1C722800C6067F /* RealmSwift.framework */; settings = {ATTRIBUTES = (CodeSignOnCopy, RemoveHeadersOnCopy, ); }; };
		142481F51CFA47F500CA8F9F /* BackgroundView.swift in Sources */ = {isa = PBXBuildFile; fileRef = 142481F41CFA47F500CA8F9F /* BackgroundView.swift */; };
		1426645D1CC8183D00EB8BE6 /* AppDelegate.swift in Sources */ = {isa = PBXBuildFile; fileRef = 1426645C1CC8183D00EB8BE6 /* AppDelegate.swift */; };
		1426645F1CC8183D00EB8BE6 /* WelcomeController.swift in Sources */ = {isa = PBXBuildFile; fileRef = 1426645E1CC8183D00EB8BE6 /* WelcomeController.swift */; };
		142664621CC8183D00EB8BE6 /* Main.storyboard in Resources */ = {isa = PBXBuildFile; fileRef = 142664601CC8183D00EB8BE6 /* Main.storyboard */; };
		142664641CC8183D00EB8BE6 /* Assets.xcassets in Resources */ = {isa = PBXBuildFile; fileRef = 142664631CC8183D00EB8BE6 /* Assets.xcassets */; };
		142664671CC8183D00EB8BE6 /* LaunchScreen.storyboard in Resources */ = {isa = PBXBuildFile; fileRef = 142664651CC8183D00EB8BE6 /* LaunchScreen.storyboard */; };
		142664731CC81D5600EB8BE6 /* PlayVideoController.swift in Sources */ = {isa = PBXBuildFile; fileRef = 142664721CC81D5600EB8BE6 /* PlayVideoController.swift */; };
		1430722C1CCA906000F503A1 /* ResponseController.swift in Sources */ = {isa = PBXBuildFile; fileRef = 1430722B1CCA906000F503A1 /* ResponseController.swift */; };
		1477DF5A1CCACEE10013B4B6 /* Subject.swift in Sources */ = {isa = PBXBuildFile; fileRef = 1477DF591CCACEE10013B4B6 /* Subject.swift */; };
		148D11701D17A4410095BD6A /* InitialViewController.swift in Sources */ = {isa = PBXBuildFile; fileRef = 148D116F1D17A4410095BD6A /* InitialViewController.swift */; };
		14CE50301D1B1DD70078A95D /* NULing.png in Resources */ = {isa = PBXBuildFile; fileRef = 14CE502F1D1B1DD70078A95D /* NULing.png */; };
		14E444A41CFCC0F00006F22F /* ResponseBackground.swift in Sources */ = {isa = PBXBuildFile; fileRef = 14E444A31CFCC0F00006F22F /* ResponseBackground.swift */; };
		14F53D951D08B27800637DD5 /* ChiLDyB02.png in Resources */ = {isa = PBXBuildFile; fileRef = 14F53D931D08B27800637DD5 /* ChiLDyB02.png */; };
/* End PBXBuildFile section */

/* Begin PBXCopyFilesBuildPhase section */
		1426647A1CC81D8F00EB8BE6 /* Embed Frameworks */ = {
			isa = PBXCopyFilesBuildPhase;
			buildActionMask = 2147483647;
			dstPath = "";
			dstSubfolderSpec = 10;
			files = (
				14219F0D1D1C722800C6067F /* RealmSwift.framework in Embed Frameworks */,
				14219F0B1D1C722800C6067F /* Realm.framework in Embed Frameworks */,
			);
			name = "Embed Frameworks";
			runOnlyForDeploymentPostprocessing = 0;
		};
/* End PBXCopyFilesBuildPhase section */

/* Begin PBXFileReference section */
		140A75041CDE81FC00532FA5 /* EndExperimentController.swift */ = {isa = PBXFileReference; fileEncoding = 4; lastKnownFileType = sourcecode.swift; name = EndExperimentController.swift; path = events.child.2/EndExperimentController.swift; sourceTree = SOURCE_ROOT; };
		140A99121CCEB6200036E5EC /* 2_600_8_4_400_6.mov */ = {isa = PBXFileReference; lastKnownFileType = video.quicktime; path = 2_600_8_4_400_6.mov; sourceTree = SOURCE_ROOT; };
		140A99131CCEB6200036E5EC /* 2_800_6_3_400_8.mov */ = {isa = PBXFileReference; lastKnownFileType = video.quicktime; path = 2_800_6_3_400_8.mov; sourceTree = SOURCE_ROOT; };
		140A99141CCEB6200036E5EC /* 2_800_6_4_600_4.mov */ = {isa = PBXFileReference; lastKnownFileType = video.quicktime; path = 2_800_6_4_600_4.mov; sourceTree = SOURCE_ROOT; };
		140A99151CCEB6200036E5EC /* 3_400_8_2_800_6.mov */ = {isa = PBXFileReference; lastKnownFileType = video.quicktime; path = 3_400_8_2_800_6.mov; sourceTree = SOURCE_ROOT; };
		140A99161CCEB6200036E5EC /* 3_800_4_4_400_6.mov */ = {isa = PBXFileReference; lastKnownFileType = video.quicktime; path = 3_800_4_4_400_6.mov; sourceTree = SOURCE_ROOT; };
		140A99171CCEB6200036E5EC /* 4_400_6_2_600_8.mov */ = {isa = PBXFileReference; lastKnownFileType = video.quicktime; path = 4_400_6_2_600_8.mov; sourceTree = SOURCE_ROOT; };
		140A99181CCEB6200036E5EC /* 4_400_6_3_800_4.mov */ = {isa = PBXFileReference; lastKnownFileType = video.quicktime; path = 4_400_6_3_800_4.mov; sourceTree = SOURCE_ROOT; };
		140A99191CCEB6200036E5EC /* 4_600_4_2_800_6.mov */ = {isa = PBXFileReference; lastKnownFileType = video.quicktime; path = 4_600_4_2_800_6.mov; sourceTree = SOURCE_ROOT; };
		140A991A1CCEB6200036E5EC /* Practice_A.mov */ = {isa = PBXFileReference; lastKnownFileType = video.quicktime; path = Practice_A.mov; sourceTree = SOURCE_ROOT; };
		140A991B1CCEB6200036E5EC /* practice_B.mov */ = {isa = PBXFileReference; lastKnownFileType = video.quicktime; path = practice_B.mov; sourceTree = SOURCE_ROOT; };
		140A992B1CCEB92B0036E5EC /* monkey orange.png */ = {isa = PBXFileReference; lastKnownFileType = image.png; path = "monkey orange.png"; sourceTree = SOURCE_ROOT; };
		140A992C1CCEB92B0036E5EC /* monkey purple.png */ = {isa = PBXFileReference; lastKnownFileType = image.png; path = "monkey purple.png"; sourceTree = SOURCE_ROOT; };
		14219F081D1C722800C6067F /* Realm.framework */ = {isa = PBXFileReference; lastKnownFileType = wrapper.framework; path = Realm.framework; sourceTree = SOURCE_ROOT; };
		14219F091D1C722800C6067F /* RealmSwift.framework */ = {isa = PBXFileReference; lastKnownFileType = wrapper.framework; path = RealmSwift.framework; sourceTree = SOURCE_ROOT; };
		142481F41CFA47F500CA8F9F /* BackgroundView.swift */ = {isa = PBXFileReference; fileEncoding = 4; lastKnownFileType = sourcecode.swift; name = BackgroundView.swift; path = events.child.2/BackgroundView.swift; sourceTree = SOURCE_ROOT; };
		142664591CC8183D00EB8BE6 /* events.child.2.app */ = {isa = PBXFileReference; explicitFileType = wrapper.application; includeInIndex = 0; path = events.child.2.app; sourceTree = BUILT_PRODUCTS_DIR; };
		1426645C1CC8183D00EB8BE6 /* AppDelegate.swift */ = {isa = PBXFileReference; lastKnownFileType = sourcecode.swift; name = AppDelegate.swift; path = events.child.2/AppDelegate.swift; sourceTree = SOURCE_ROOT; };
		1426645E1CC8183D00EB8BE6 /* WelcomeController.swift */ = {isa = PBXFileReference; lastKnownFileType = sourcecode.swift; name = WelcomeController.swift; path = events.child.2/WelcomeController.swift; sourceTree = SOURCE_ROOT; };
		142664611CC8183D00EB8BE6 /* Base */ = {isa = PBXFileReference; lastKnownFileType = file.storyboard; name = Base; path = Base.lproj/Main.storyboard; sourceTree = "<group>"; };
		142664631CC8183D00EB8BE6 /* Assets.xcassets */ = {isa = PBXFileReference; lastKnownFileType = folder.assetcatalog; name = Assets.xcassets; path = events.child.2/Assets.xcassets; sourceTree = SOURCE_ROOT; };
		142664661CC8183D00EB8BE6 /* Base */ = {isa = PBXFileReference; lastKnownFileType = file.storyboard; name = Base; path = Base.lproj/LaunchScreen.storyboard; sourceTree = "<group>"; };
		142664681CC8183D00EB8BE6 /* Info.plist */ = {isa = PBXFileReference; lastKnownFileType = text.plist.xml; name = Info.plist; path = events.child.2/Info.plist; sourceTree = SOURCE_ROOT; };
		142664721CC81D5600EB8BE6 /* PlayVideoController.swift */ = {isa = PBXFileReference; fileEncoding = 4; lastKnownFileType = sourcecode.swift; name = PlayVideoController.swift; path = events.child.2/PlayVideoController.swift; sourceTree = SOURCE_ROOT; };
		1430722B1CCA906000F503A1 /* ResponseController.swift */ = {isa = PBXFileReference; fileEncoding = 4; lastKnownFileType = sourcecode.swift; name = ResponseController.swift; path = events.child.2/ResponseController.swift; sourceTree = SOURCE_ROOT; };
		1477DF591CCACEE10013B4B6 /* Subject.swift */ = {isa = PBXFileReference; fileEncoding = 4; lastKnownFileType = sourcecode.swift; name = Subject.swift; path = events.child.2/Subject.swift; sourceTree = SOURCE_ROOT; };
		148D116F1D17A4410095BD6A /* InitialViewController.swift */ = {isa = PBXFileReference; fileEncoding = 4; lastKnownFileType = sourcecode.swift; name = InitialViewController.swift; path = events.child.2/InitialViewController.swift; sourceTree = SOURCE_ROOT; };
		14CE502F1D1B1DD70078A95D /* NULing.png */ = {isa = PBXFileReference; lastKnownFileType = image.png; path = NULing.png; sourceTree = SOURCE_ROOT; };
		14E444A31CFCC0F00006F22F /* ResponseBackground.swift */ = {isa = PBXFileReference; fileEncoding = 4; lastKnownFileType = sourcecode.swift; name = ResponseBackground.swift; path = events.child.2/ResponseBackground.swift; sourceTree = SOURCE_ROOT; };
		14F53D931D08B27800637DD5 /* ChiLDyB02.png */ = {isa = PBXFileReference; lastKnownFileType = image.png; path = ChiLDyB02.png; sourceTree = SOURCE_ROOT; };
/* End PBXFileReference section */

/* Begin PBXFrameworksBuildPhase section */
		142664561CC8183D00EB8BE6 /* Frameworks */ = {
			isa = PBXFrameworksBuildPhase;
			buildActionMask = 2147483647;
			files = (
				14219F0C1D1C722800C6067F /* RealmSwift.framework in Frameworks */,
				14219F0A1D1C722800C6067F /* Realm.framework in Frameworks */,
			);
			runOnlyForDeploymentPostprocessing = 0;
		};
/* End PBXFrameworksBuildPhase section */

/* Begin PBXGroup section */
		140A992A1CCEB8A30036E5EC /* imagesandvideos */ = {
			isa = PBXGroup;
			children = (
				140A99161CCEB6200036E5EC /* 3_800_4_4_400_6.mov */,
				140A99171CCEB6200036E5EC /* 4_400_6_2_600_8.mov */,
				140A99131CCEB6200036E5EC /* 2_800_6_3_400_8.mov */,
				140A99151CCEB6200036E5EC /* 3_400_8_2_800_6.mov */,
				140A99141CCEB6200036E5EC /* 2_800_6_4_600_4.mov */,
				140A99191CCEB6200036E5EC /* 4_600_4_2_800_6.mov */,
				140A99121CCEB6200036E5EC /* 2_600_8_4_400_6.mov */,
				140A99181CCEB6200036E5EC /* 4_400_6_3_800_4.mov */,
				140A991A1CCEB6200036E5EC /* Practice_A.mov */,
				140A991B1CCEB6200036E5EC /* practice_B.mov */,
				140A992B1CCEB92B0036E5EC /* monkey orange.png */,
				140A992C1CCEB92B0036E5EC /* monkey purple.png */,
				14F53D931D08B27800637DD5 /* ChiLDyB02.png */,
				14CE502F1D1B1DD70078A95D /* NULing.png */,
			);
			name = imagesandvideos;
			sourceTree = SOURCE_ROOT;
		};
		142664501CC8183D00EB8BE6 = {
			isa = PBXGroup;
			children = (
				1426645B1CC8183D00EB8BE6 /* events.child.2 */,
				1426647B1CC81D9A00EB8BE6 /* Frameworks */,
				1426645A1CC8183D00EB8BE6 /* Products */,
				140A992A1CCEB8A30036E5EC /* imagesandvideos */,
			);
			sourceTree = "<group>";
		};
		1426645A1CC8183D00EB8BE6 /* Products */ = {
			isa = PBXGroup;
			children = (
				142664591CC8183D00EB8BE6 /* events.child.2.app */,
			);
			name = Products;
			sourceTree = "<group>";
		};
		1426645B1CC8183D00EB8BE6 /* events.child.2 */ = {
			isa = PBXGroup;
			children = (
				1426645C1CC8183D00EB8BE6 /* AppDelegate.swift */,
				148D116F1D17A4410095BD6A /* InitialViewController.swift */,
				1426645E1CC8183D00EB8BE6 /* WelcomeController.swift */,
				142664721CC81D5600EB8BE6 /* PlayVideoController.swift */,
				1430722B1CCA906000F503A1 /* ResponseController.swift */,
				140A75041CDE81FC00532FA5 /* EndExperimentController.swift */,
				142664601CC8183D00EB8BE6 /* Main.storyboard */,
				142664631CC8183D00EB8BE6 /* Assets.xcassets */,
				142481F41CFA47F500CA8F9F /* BackgroundView.swift */,
				14E444A31CFCC0F00006F22F /* ResponseBackground.swift */,
				142664651CC8183D00EB8BE6 /* LaunchScreen.storyboard */,
				142664681CC8183D00EB8BE6 /* Info.plist */,
				1426647E1CC81E0600EB8BE6 /* Models */,
			);
			path = events.child.2;
			sourceTree = SOURCE_ROOT;
		};
		1426647B1CC81D9A00EB8BE6 /* Frameworks */ = {
			isa = PBXGroup;
			children = (
				14219F081D1C722800C6067F /* Realm.framework */,
				14219F091D1C722800C6067F /* RealmSwift.framework */,
			);
			name = Frameworks;
			sourceTree = "<group>";
		};
		1426647E1CC81E0600EB8BE6 /* Models */ = {
			isa = PBXGroup;
			children = (
				1477DF591CCACEE10013B4B6 /* Subject.swift */,
			);
			name = Models;
			path = events.child.2;
			sourceTree = SOURCE_ROOT;
		};
/* End PBXGroup section */

/* Begin PBXNativeTarget section */
		142664581CC8183D00EB8BE6 /* events.child.2 */ = {
			isa = PBXNativeTarget;
			buildConfigurationList = 1426646B1CC8183D00EB8BE6 /* Build configuration list for PBXNativeTarget "events.child.2" */;
			buildPhases = (
				142664551CC8183D00EB8BE6 /* Sources */,
				142664561CC8183D00EB8BE6 /* Frameworks */,
				142664571CC8183D00EB8BE6 /* Resources */,
				1426647A1CC81D8F00EB8BE6 /* Embed Frameworks */,
			);
			buildRules = (
			);
			dependencies = (
			);
			name = events.child.2;
			productName = events.child.2;
			productReference = 142664591CC8183D00EB8BE6 /* events.child.2.app */;
			productType = "com.apple.product-type.application";
		};
/* End PBXNativeTarget section */

/* Begin PBXProject section */
		142664511CC8183D00EB8BE6 /* Project object */ = {
			isa = PBXProject;
			attributes = {
				LastSwiftUpdateCheck = 0730;
				LastUpgradeCheck = 0730;
				ORGANIZATIONNAME = "Casey Colby";
				TargetAttributes = {
					142664581CC8183D00EB8BE6 = {
						CreatedOnToolsVersion = 7.3;
						DevelopmentTeam = EBDDQEQXX7;
					};
				};
			};
			buildConfigurationList = 142664541CC8183D00EB8BE6 /* Build configuration list for PBXProject "events.child.2" */;
			compatibilityVersion = "Xcode 3.2";
			developmentRegion = English;
			hasScannedForEncodings = 0;
			knownRegions = (
				en,
				Base,
			);
			mainGroup = 142664501CC8183D00EB8BE6;
			productRefGroup = 1426645A1CC8183D00EB8BE6 /* Products */;
			projectDirPath = "";
			projectRoot = "";
			targets = (
				142664581CC8183D00EB8BE6 /* events.child.2 */,
			);
		};
/* End PBXProject section */

/* Begin PBXResourcesBuildPhase section */
		142664571CC8183D00EB8BE6 /* Resources */ = {
			isa = PBXResourcesBuildPhase;
			buildActionMask = 2147483647;
			files = (
				14CE50301D1B1DD70078A95D /* NULing.png in Resources */,
				140A99231CCEB6200036E5EC /* 4_600_4_2_800_6.mov in Resources */,
				14F53D951D08B27800637DD5 /* ChiLDyB02.png in Resources */,
				140A991D1CCEB6200036E5EC /* 2_800_6_3_400_8.mov in Resources */,
				142664671CC8183D00EB8BE6 /* LaunchScreen.storyboard in Resources */,
				140A99221CCEB6200036E5EC /* 4_400_6_3_800_4.mov in Resources */,
				142664641CC8183D00EB8BE6 /* Assets.xcassets in Resources */,
				140A99211CCEB6200036E5EC /* 4_400_6_2_600_8.mov in Resources */,
				140A991C1CCEB6200036E5EC /* 2_600_8_4_400_6.mov in Resources */,
				140A99251CCEB6200036E5EC /* practice_B.mov in Resources */,
				140A99241CCEB6200036E5EC /* Practice_A.mov in Resources */,
				140A991E1CCEB6200036E5EC /* 2_800_6_4_600_4.mov in Resources */,
				140A99201CCEB6200036E5EC /* 3_800_4_4_400_6.mov in Resources */,
				140A992E1CCEB92B0036E5EC /* monkey purple.png in Resources */,
				140A991F1CCEB6200036E5EC /* 3_400_8_2_800_6.mov in Resources */,
				142664621CC8183D00EB8BE6 /* Main.storyboard in Resources */,
				140A992D1CCEB92B0036E5EC /* monkey orange.png in Resources */,
			);
			runOnlyForDeploymentPostprocessing = 0;
		};
/* End PBXResourcesBuildPhase section */

/* Begin PBXSourcesBuildPhase section */
		142664551CC8183D00EB8BE6 /* Sources */ = {
			isa = PBXSourcesBuildPhase;
			buildActionMask = 2147483647;
			files = (
				140A75051CDE81FC00532FA5 /* EndExperimentController.swift in Sources */,
				142481F51CFA47F500CA8F9F /* BackgroundView.swift in Sources */,
				142664731CC81D5600EB8BE6 /* PlayVideoController.swift in Sources */,
				148D11701D17A4410095BD6A /* InitialViewController.swift in Sources */,
				14E444A41CFCC0F00006F22F /* ResponseBackground.swift in Sources */,
				1430722C1CCA906000F503A1 /* ResponseController.swift in Sources */,
				1426645F1CC8183D00EB8BE6 /* WelcomeController.swift in Sources */,
				1477DF5A1CCACEE10013B4B6 /* Subject.swift in Sources */,
				1426645D1CC8183D00EB8BE6 /* AppDelegate.swift in Sources */,
			);
			runOnlyForDeploymentPostprocessing = 0;
		};
/* End PBXSourcesBuildPhase section */

/* Begin PBXVariantGroup section */
		142664601CC8183D00EB8BE6 /* Main.storyboard */ = {
			isa = PBXVariantGroup;
			children = (
				142664611CC8183D00EB8BE6 /* Base */,
			);
			name = Main.storyboard;
			sourceTree = "<group>";
		};
		142664651CC8183D00EB8BE6 /* LaunchScreen.storyboard */ = {
			isa = PBXVariantGroup;
			children = (
				142664661CC8183D00EB8BE6 /* Base */,
			);
			name = LaunchScreen.storyboard;
			sourceTree = "<group>";
		};
/* End PBXVariantGroup section */

/* Begin XCBuildConfiguration section */
		142664691CC8183D00EB8BE6 /* Debug */ = {
			isa = XCBuildConfiguration;
			buildSettings = {
				ALWAYS_SEARCH_USER_PATHS = NO;
				CLANG_ANALYZER_NONNULL = YES;
				CLANG_CXX_LANGUAGE_STANDARD = "gnu++0x";
				CLANG_CXX_LIBRARY = "libc++";
				CLANG_ENABLE_MODULES = YES;
				CLANG_ENABLE_OBJC_ARC = YES;
				CLANG_WARN_BOOL_CONVERSION = YES;
				CLANG_WARN_CONSTANT_CONVERSION = YES;
				CLANG_WARN_DIRECT_OBJC_ISA_USAGE = YES_ERROR;
				CLANG_WARN_EMPTY_BODY = YES;
				CLANG_WARN_ENUM_CONVERSION = YES;
				CLANG_WARN_INT_CONVERSION = YES;
				CLANG_WARN_OBJC_ROOT_CLASS = YES_ERROR;
				CLANG_WARN_UNREACHABLE_CODE = YES;
				CLANG_WARN__DUPLICATE_METHOD_MATCH = YES;
				"CODE_SIGN_IDENTITY[sdk=iphoneos*]" = "iPhone Developer";
				COPY_PHASE_STRIP = NO;
				DEBUG_INFORMATION_FORMAT = dwarf;
				ENABLE_STRICT_OBJC_MSGSEND = YES;
				ENABLE_TESTABILITY = YES;
				GCC_C_LANGUAGE_STANDARD = gnu99;
				GCC_DYNAMIC_NO_PIC = NO;
				GCC_NO_COMMON_BLOCKS = YES;
				GCC_OPTIMIZATION_LEVEL = 0;
				GCC_PREPROCESSOR_DEFINITIONS = (
					"DEBUG=1",
					"$(inherited)",
				);
				GCC_WARN_64_TO_32_BIT_CONVERSION = YES;
				GCC_WARN_ABOUT_RETURN_TYPE = YES_ERROR;
				GCC_WARN_UNDECLARED_SELECTOR = YES;
				GCC_WARN_UNINITIALIZED_AUTOS = YES_AGGRESSIVE;
				GCC_WARN_UNUSED_FUNCTION = YES;
				GCC_WARN_UNUSED_VARIABLE = YES;
				IPHONEOS_DEPLOYMENT_TARGET = 9.3;
				MTL_ENABLE_DEBUG_INFO = YES;
				ONLY_ACTIVE_ARCH = YES;
				SDKROOT = iphoneos;
				SWIFT_OPTIMIZATION_LEVEL = "-Onone";
				TARGETED_DEVICE_FAMILY = 2;
			};
			name = Debug;
		};
		1426646A1CC8183D00EB8BE6 /* Release */ = {
			isa = XCBuildConfiguration;
			buildSettings = {
				ALWAYS_SEARCH_USER_PATHS = NO;
				CLANG_ANALYZER_NONNULL = YES;
				CLANG_CXX_LANGUAGE_STANDARD = "gnu++0x";
				CLANG_CXX_LIBRARY = "libc++";
				CLANG_ENABLE_MODULES = YES;
				CLANG_ENABLE_OBJC_ARC = YES;
				CLANG_WARN_BOOL_CONVERSION = YES;
				CLANG_WARN_CONSTANT_CONVERSION = YES;
				CLANG_WARN_DIRECT_OBJC_ISA_USAGE = YES_ERROR;
				CLANG_WARN_EMPTY_BODY = YES;
				CLANG_WARN_ENUM_CONVERSION = YES;
				CLANG_WARN_INT_CONVERSION = YES;
				CLANG_WARN_OBJC_ROOT_CLASS = YES_ERROR;
				CLANG_WARN_UNREACHABLE_CODE = YES;
				CLANG_WARN__DUPLICATE_METHOD_MATCH = YES;
				"CODE_SIGN_IDENTITY[sdk=iphoneos*]" = "iPhone Developer";
				COPY_PHASE_STRIP = NO;
				DEBUG_INFORMATION_FORMAT = "dwarf-with-dsym";
				ENABLE_NS_ASSERTIONS = NO;
				ENABLE_STRICT_OBJC_MSGSEND = YES;
				GCC_C_LANGUAGE_STANDARD = gnu99;
				GCC_NO_COMMON_BLOCKS = YES;
				GCC_WARN_64_TO_32_BIT_CONVERSION = YES;
				GCC_WARN_ABOUT_RETURN_TYPE = YES_ERROR;
				GCC_WARN_UNDECLARED_SELECTOR = YES;
				GCC_WARN_UNINITIALIZED_AUTOS = YES_AGGRESSIVE;
				GCC_WARN_UNUSED_FUNCTION = YES;
				GCC_WARN_UNUSED_VARIABLE = YES;
				IPHONEOS_DEPLOYMENT_TARGET = 9.3;
				MTL_ENABLE_DEBUG_INFO = NO;
				SDKROOT = iphoneos;
				TARGETED_DEVICE_FAMILY = 2;
				VALIDATE_PRODUCT = YES;
			};
			name = Release;
		};
		1426646C1CC8183D00EB8BE6 /* Debug */ = {
			isa = XCBuildConfiguration;
			buildSettings = {
				ASSETCATALOG_COMPILER_APPICON_NAME = AppIcon;
				FRAMEWORK_SEARCH_PATHS = (
					"$(inherited)",
					"$(PROJECT_DIR)",
				);
				INFOPLIST_FILE = events.child.2/Info.plist;
				IPHONEOS_DEPLOYMENT_TARGET = 9.2;
				LD_RUNPATH_SEARCH_PATHS = "$(inherited) @executable_path/Frameworks";
				PRODUCT_BUNDLE_IDENTIFIER = "c.colby.events-child-2";
				PRODUCT_NAME = "$(TARGET_NAME)";
			};
			name = Debug;
		};
		1426646D1CC8183D00EB8BE6 /* Release */ = {
			isa = XCBuildConfiguration;
			buildSettings = {
				ASSETCATALOG_COMPILER_APPICON_NAME = AppIcon;
				FRAMEWORK_SEARCH_PATHS = (
					"$(inherited)",
					"$(PROJECT_DIR)",
				);
				INFOPLIST_FILE = events.child.2/Info.plist;
				IPHONEOS_DEPLOYMENT_TARGET = 9.2;
				LD_RUNPATH_SEARCH_PATHS = "$(inherited) @executable_path/Frameworks";
				PRODUCT_BUNDLE_IDENTIFIER = "c.colby.events-child-2";
				PRODUCT_NAME = "$(TARGET_NAME)";
			};
			name = Release;
		};
/* End XCBuildConfiguration section */

/* Begin XCConfigurationList section */
		142664541CC8183D00EB8BE6 /* Build configuration list for PBXProject "events.child.2" */ = {
			isa = XCConfigurationList;
			buildConfigurations = (
				142664691CC8183D00EB8BE6 /* Debug */,
				1426646A1CC8183D00EB8BE6 /* Release */,
			);
			defaultConfigurationIsVisible = 0;
			defaultConfigurationName = Release;
		};
		1426646B1CC8183D00EB8BE6 /* Build configuration list for PBXNativeTarget "events.child.2" */ = {
			isa = XCConfigurationList;
			buildConfigurations = (
				1426646C1CC8183D00EB8BE6 /* Debug */,
				1426646D1CC8183D00EB8BE6 /* Release */,
			);
			defaultConfigurationIsVisible = 0;
			defaultConfigurationName = Release;
		};
/* End XCConfigurationList section */
	};
	rootObject = 142664511CC8183D00EB8BE6 /* Project object */;
}
